// !$*UTF8*$!
{
	archiveVersion = 1;
	classes = {
	};
	objectVersion = 77;
	objects = {

/* Begin PBXBuildFile section */
		059B1ACD5CA8EC65D212AE49 /* QwenTitleGenerator.swift in Sources */ = {isa = PBXBuildFile; fileRef = 420192E345B90F0B7C1669BC /* QwenTitleGenerator.swift */; };
		42EDCEE27B34D5E5DB5DB273 /* Localizable.strings in Resources */ = {isa = PBXBuildFile; fileRef = 4A72376C331A5411479AD783 /* Localizable.strings */; };
		47E2CE4217A243757878E183 /* ModelSettingsView.swift in Sources */ = {isa = PBXBuildFile; fileRef = 69C910CB0389D1CACBF76AF1 /* ModelSettingsView.swift */; };
		49B5F93E98E22678E689C3DE /* QwenAdapter.framework in Embed Frameworks */ = {isa = PBXBuildFile; fileRef = A8D65E3405B008E1C081E305 /* QwenAdapter.framework */; settings = {ATTRIBUTES = (CodeSignOnCopy, RemoveHeadersOnCopy, ); }; };
		4B938517A392F47616F54F8E /* WhisperRecognizer.swift in Sources */ = {isa = PBXBuildFile; fileRef = FA7E1B00DBCA6497FE780965 /* WhisperRecognizer.swift */; };
		4CFADA315C11FC4F77AB7B95 /* SystemAudioRecorder.swift in Sources */ = {isa = PBXBuildFile; fileRef = D24866F69BF5BF289664746B /* SystemAudioRecorder.swift */; };
		4EAC263B765CE54A50921365 /* PointVerseKit in Frameworks */ = {isa = PBXBuildFile; productRef = 6E9732F8163A064268D8E7F6 /* PointVerseKit */; };
		5243C3E32851018575973FBB /* PointListView.swift in Sources */ = {isa = PBXBuildFile; fileRef = C49D567E2157613FF575EBB9 /* PointListView.swift */; };
		5425BC42AA7F7A48C7FAFFB3 /* WhisperAdapter.framework in Embed Frameworks */ = {isa = PBXBuildFile; fileRef = 13C7FA764E75EB27D312BC1D /* WhisperAdapter.framework */; settings = {ATTRIBUTES = (CodeSignOnCopy, RemoveHeadersOnCopy, ); }; };
		57EC78122B4B5FDE5C301F4A /* PointVerseKit in Frameworks */ = {isa = PBXBuildFile; productRef = EF1601925276AADCFA77677C /* PointVerseKit */; };
		68F6B492E852B9CBD7016C04 /* CaptureView.swift in Sources */ = {isa = PBXBuildFile; fileRef = 7BC1CB606858B87E1316B5A6 /* CaptureView.swift */; };
		79D63B3F4893E3C2D806C78A /* AudioPlayerViewModel.swift in Sources */ = {isa = PBXBuildFile; fileRef = D160DE426EF06F3C85AAC7B6 /* AudioPlayerViewModel.swift */; };
		7DB0542E14D8D47D913839D5 /* TranscriptionService.swift in Sources */ = {isa = PBXBuildFile; fileRef = 57F7CF371D851D0C7732EA8C /* TranscriptionService.swift */; };
		8503B2FC4C369E7476ED8268 /* AppLocalization.swift in Sources */ = {isa = PBXBuildFile; fileRef = 66E117BAE13164C24CE628D0 /* AppLocalization.swift */; };
		95954644EAA1D1837CD48006 /* llama in Frameworks */ = {isa = PBXBuildFile; productRef = B430E296F7E046097A251A8A /* llama */; };
		A9698B83131CD1FF7285C3B0 /* WhisperAdapter.framework in Frameworks */ = {isa = PBXBuildFile; fileRef = 13C7FA764E75EB27D312BC1D /* WhisperAdapter.framework */; };
		B51B349C350A7715739D1A9F /* PointDetailView.swift in Sources */ = {isa = PBXBuildFile; fileRef = A9DFFB2A54AF6E33D666F99E /* PointDetailView.swift */; };
		B605428A4B68511E9FED8AC7 /* QwenAdapter.framework in Frameworks */ = {isa = PBXBuildFile; fileRef = A8D65E3405B008E1C081E305 /* QwenAdapter.framework */; };
		D9B44A1BEDAD91D3C5BE425E /* InfoPlist.strings in Resources */ = {isa = PBXBuildFile; fileRef = 7D3EA7AA748408B7A2F1DA5F /* InfoPlist.strings */; };
		DD25805861582A2E0CD38F34 /* PointVerseKit in Frameworks */ = {isa = PBXBuildFile; productRef = 6F5166BFEC828BA1323CFA2B /* PointVerseKit */; };
		E22551A6E939122221FCD9FF /* ModelDownloadManager.swift in Sources */ = {isa = PBXBuildFile; fileRef = FFD50731098248359D1259BC /* ModelDownloadManager.swift */; };
		E81F8EF9E9C3CA0CC94591F8 /* whisper in Frameworks */ = {isa = PBXBuildFile; productRef = 5345C31724AE01318A8530F0 /* whisper */; };
		F39E94764FB17533DF598918 /* AppContainer.swift in Sources */ = {isa = PBXBuildFile; fileRef = 4CAEA797E538F30926794551 /* AppContainer.swift */; };
		F6C5199E32631C23D76117E9 /* PointVerseApp.swift in Sources */ = {isa = PBXBuildFile; fileRef = 716533EFD2901EC614D27CC1 /* PointVerseApp.swift */; };
/* End PBXBuildFile section */

/* Begin PBXContainerItemProxy section */
		726038466908D7D0BC473F64 /* PBXContainerItemProxy */ = {
			isa = PBXContainerItemProxy;
			containerPortal = 8CC1D0EBFA164DD5440BFF8C /* Project object */;
			proxyType = 1;
			remoteGlobalIDString = 1048953655C6C48147D2F34B;
			remoteInfo = WhisperAdapter;
		};
		7E588BF788924A3087393D5D /* PBXContainerItemProxy */ = {
			isa = PBXContainerItemProxy;
			containerPortal = 8CC1D0EBFA164DD5440BFF8C /* Project object */;
			proxyType = 1;
			remoteGlobalIDString = 429F8476F7B36AD371AD6306;
			remoteInfo = QwenAdapter;
		};
/* End PBXContainerItemProxy section */

/* Begin PBXCopyFilesBuildPhase section */
		C642D0CB72B3A9E241C8D104 /* Embed Frameworks */ = {
			isa = PBXCopyFilesBuildPhase;
			buildActionMask = 2147483647;
			dstPath = "";
			dstSubfolderSpec = 10;
			files = (
				5425BC42AA7F7A48C7FAFFB3 /* WhisperAdapter.framework in Embed Frameworks */,
				49B5F93E98E22678E689C3DE /* QwenAdapter.framework in Embed Frameworks */,
			);
			name = "Embed Frameworks";
			runOnlyForDeploymentPostprocessing = 0;
		};
/* End PBXCopyFilesBuildPhase section */

/* Begin PBXFileReference section */
		1295EBA18DDFC6F925F284D4 /* 点界.app */ = {isa = PBXFileReference; explicitFileType = wrapper.application; includeInIndex = 0; path = "点界.app"; sourceTree = BUILT_PRODUCTS_DIR; };
		13C7FA764E75EB27D312BC1D /* WhisperAdapter.framework */ = {isa = PBXFileReference; explicitFileType = wrapper.framework; includeInIndex = 0; path = WhisperAdapter.framework; sourceTree = BUILT_PRODUCTS_DIR; };
		24E265A97970E7093BC60BA7 /* ja */ = {isa = PBXFileReference; lastKnownFileType = text.plist.strings; name = ja; path = ja.lproj/InfoPlist.strings; sourceTree = "<group>"; };
		26DFE56B963C328D0138CCA7 /* PointVerseKit */ = {isa = PBXFileReference; lastKnownFileType = folder; path = PointVerseKit; sourceTree = SOURCE_ROOT; };
		2B2085183CD43466B8E2F5B7 /* zh-Hans */ = {isa = PBXFileReference; lastKnownFileType = text.plist.strings; name = "zh-Hans"; path = "zh-Hans.lproj/Localizable.strings"; sourceTree = "<group>"; };
		420192E345B90F0B7C1669BC /* QwenTitleGenerator.swift */ = {isa = PBXFileReference; lastKnownFileType = sourcecode.swift; path = QwenTitleGenerator.swift; sourceTree = "<group>"; };
		4BBDC78A40E54C9A91860E9B /* WhisperRuntime */ = {isa = PBXFileReference; lastKnownFileType = folder; name = WhisperRuntime; path = Vendor/WhisperRuntime; sourceTree = SOURCE_ROOT; };
		4CAEA797E538F30926794551 /* AppContainer.swift */ = {isa = PBXFileReference; lastKnownFileType = sourcecode.swift; path = AppContainer.swift; sourceTree = "<group>"; };
		57F7CF371D851D0C7732EA8C /* TranscriptionService.swift */ = {isa = PBXFileReference; lastKnownFileType = sourcecode.swift; path = TranscriptionService.swift; sourceTree = "<group>"; };
		5B725E10B707CD2D76D20BE3 /* zh-Hant */ = {isa = PBXFileReference; lastKnownFileType = text.plist.strings; name = "zh-Hant"; path = "zh-Hant.lproj/Localizable.strings"; sourceTree = "<group>"; };
		5E1E2217C4EB458898C792E5 /* zh-Hant */ = {isa = PBXFileReference; lastKnownFileType = text.plist.strings; name = "zh-Hant"; path = "zh-Hant.lproj/InfoPlist.strings"; sourceTree = "<group>"; };
		66E117BAE13164C24CE628D0 /* AppLocalization.swift */ = {isa = PBXFileReference; lastKnownFileType = sourcecode.swift; path = AppLocalization.swift; sourceTree = "<group>"; };
		69C910CB0389D1CACBF76AF1 /* ModelSettingsView.swift */ = {isa = PBXFileReference; lastKnownFileType = sourcecode.swift; path = ModelSettingsView.swift; sourceTree = "<group>"; };
		716533EFD2901EC614D27CC1 /* PointVerseApp.swift */ = {isa = PBXFileReference; lastKnownFileType = sourcecode.swift; path = PointVerseApp.swift; sourceTree = "<group>"; };
		7BC1CB606858B87E1316B5A6 /* CaptureView.swift */ = {isa = PBXFileReference; lastKnownFileType = sourcecode.swift; path = CaptureView.swift; sourceTree = "<group>"; };
		952A2774D33165C315F2D5F3 /* zh-Hans */ = {isa = PBXFileReference; lastKnownFileType = text.plist.strings; name = "zh-Hans"; path = "zh-Hans.lproj/InfoPlist.strings"; sourceTree = "<group>"; };
		9C6D968845E46BF90D462603 /* LlamaRuntime */ = {isa = PBXFileReference; lastKnownFileType = folder; name = LlamaRuntime; path = Vendor/LlamaRuntime; sourceTree = SOURCE_ROOT; };
		A8D65E3405B008E1C081E305 /* QwenAdapter.framework */ = {isa = PBXFileReference; explicitFileType = wrapper.framework; includeInIndex = 0; path = QwenAdapter.framework; sourceTree = BUILT_PRODUCTS_DIR; };
		A9DFFB2A54AF6E33D666F99E /* PointDetailView.swift */ = {isa = PBXFileReference; lastKnownFileType = sourcecode.swift; path = PointDetailView.swift; sourceTree = "<group>"; };
		BB8FC5C9693E7897ADE1AD80 /* en */ = {isa = PBXFileReference; lastKnownFileType = text.plist.strings; name = en; path = en.lproj/Localizable.strings; sourceTree = "<group>"; };
		C49D567E2157613FF575EBB9 /* PointListView.swift */ = {isa = PBXFileReference; lastKnownFileType = sourcecode.swift; path = PointListView.swift; sourceTree = "<group>"; };
		C90EF4F0CEE530E84E5262BB /* ja */ = {isa = PBXFileReference; lastKnownFileType = text.plist.strings; name = ja; path = ja.lproj/Localizable.strings; sourceTree = "<group>"; };
		D160DE426EF06F3C85AAC7B6 /* AudioPlayerViewModel.swift */ = {isa = PBXFileReference; lastKnownFileType = sourcecode.swift; path = AudioPlayerViewModel.swift; sourceTree = "<group>"; };
		D24866F69BF5BF289664746B /* SystemAudioRecorder.swift */ = {isa = PBXFileReference; lastKnownFileType = sourcecode.swift; path = SystemAudioRecorder.swift; sourceTree = "<group>"; };
		F6E23365C1D6C56005A335E5 /* en */ = {isa = PBXFileReference; lastKnownFileType = text.plist.strings; name = en; path = en.lproj/InfoPlist.strings; sourceTree = "<group>"; };
		FA7E1B00DBCA6497FE780965 /* WhisperRecognizer.swift */ = {isa = PBXFileReference; lastKnownFileType = sourcecode.swift; path = WhisperRecognizer.swift; sourceTree = "<group>"; };
		FFD50731098248359D1259BC /* ModelDownloadManager.swift */ = {isa = PBXFileReference; lastKnownFileType = sourcecode.swift; path = ModelDownloadManager.swift; sourceTree = "<group>"; };
/* End PBXFileReference section */

/* Begin PBXFrameworksBuildPhase section */
		AC115D4C0C7F16D8BA24A897 /* Frameworks */ = {
			isa = PBXFrameworksBuildPhase;
			buildActionMask = 2147483647;
			files = (
				DD25805861582A2E0CD38F34 /* PointVerseKit in Frameworks */,
				95954644EAA1D1837CD48006 /* llama in Frameworks */,
			);
			runOnlyForDeploymentPostprocessing = 0;
		};
		AE1916440F5CF4FABF12F535 /* Frameworks */ = {
			isa = PBXFrameworksBuildPhase;
			buildActionMask = 2147483647;
			files = (
				57EC78122B4B5FDE5C301F4A /* PointVerseKit in Frameworks */,
				A9698B83131CD1FF7285C3B0 /* WhisperAdapter.framework in Frameworks */,
				B605428A4B68511E9FED8AC7 /* QwenAdapter.framework in Frameworks */,
			);
			runOnlyForDeploymentPostprocessing = 0;
		};
		EDD04FDCB3D9654F06F7DB14 /* Frameworks */ = {
			isa = PBXFrameworksBuildPhase;
			buildActionMask = 2147483647;
			files = (
				4EAC263B765CE54A50921365 /* PointVerseKit in Frameworks */,
				E81F8EF9E9C3CA0CC94591F8 /* whisper in Frameworks */,
			);
			runOnlyForDeploymentPostprocessing = 0;
		};
/* End PBXFrameworksBuildPhase section */

/* Begin PBXGroup section */
		013E34F74C8E7DA1188C20ED /* PointVerseApp */ = {
			isa = PBXGroup;
			children = (
				C6FED5CC5E5E53AE69FDD8AB /* App */,
				BD3C738103908198E1B62E75 /* Features */,
				81A3169B31AB258CEB9BFFB0 /* Resources */,
			);
			path = PointVerseApp;
			sourceTree = "<group>";
		};
		23947489219C6D320A1E0E29 /* PointList */ = {
			isa = PBXGroup;
			children = (
				C49D567E2157613FF575EBB9 /* PointListView.swift */,
			);
			path = PointList;
			sourceTree = "<group>";
		};
		2ACCE446338288A6F4B0FC9B /* Products */ = {
			isa = PBXGroup;
			children = (
				1295EBA18DDFC6F925F284D4 /* 点界.app */,
				A8D65E3405B008E1C081E305 /* QwenAdapter.framework */,
				13C7FA764E75EB27D312BC1D /* WhisperAdapter.framework */,
			);
			name = Products;
			sourceTree = "<group>";
		};
		2CC9756829FE102BD437FA02 /* PointDetail */ = {
			isa = PBXGroup;
			children = (
				D160DE426EF06F3C85AAC7B6 /* AudioPlayerViewModel.swift */,
				A9DFFB2A54AF6E33D666F99E /* PointDetailView.swift */,
				420192E345B90F0B7C1669BC /* QwenTitleGenerator.swift */,
				57F7CF371D851D0C7732EA8C /* TranscriptionService.swift */,
				FA7E1B00DBCA6497FE780965 /* WhisperRecognizer.swift */,
			);
			path = PointDetail;
			sourceTree = "<group>";
		};
		5900BEFDD6595398DEFECE2F /* ModelSettings */ = {
			isa = PBXGroup;
			children = (
				FFD50731098248359D1259BC /* ModelDownloadManager.swift */,
				69C910CB0389D1CACBF76AF1 /* ModelSettingsView.swift */,
			);
			path = ModelSettings;
			sourceTree = "<group>";
		};
		81A3169B31AB258CEB9BFFB0 /* Resources */ = {
			isa = PBXGroup;
			children = (
				7D3EA7AA748408B7A2F1DA5F /* InfoPlist.strings */,
				4A72376C331A5411479AD783 /* Localizable.strings */,
			);
			path = Resources;
			sourceTree = "<group>";
		};
		8BB94F2A41814A28CC6F5E7C /* Packages */ = {
			isa = PBXGroup;
			children = (
				9C6D968845E46BF90D462603 /* LlamaRuntime */,
				26DFE56B963C328D0138CCA7 /* PointVerseKit */,
				4BBDC78A40E54C9A91860E9B /* WhisperRuntime */,
			);
			name = Packages;
			sourceTree = "<group>";
		};
		A994A31E2C289E4E910AB9C5 = {
			isa = PBXGroup;
			children = (
				8BB94F2A41814A28CC6F5E7C /* Packages */,
				013E34F74C8E7DA1188C20ED /* PointVerseApp */,
				2ACCE446338288A6F4B0FC9B /* Products */,
			);
			sourceTree = "<group>";
		};
		BD3C738103908198E1B62E75 /* Features */ = {
			isa = PBXGroup;
			children = (
				FC153A3B722ECC263F440A3D /* Capture */,
				5900BEFDD6595398DEFECE2F /* ModelSettings */,
				2CC9756829FE102BD437FA02 /* PointDetail */,
				23947489219C6D320A1E0E29 /* PointList */,
			);
			path = Features;
			sourceTree = "<group>";
		};
		C6FED5CC5E5E53AE69FDD8AB /* App */ = {
			isa = PBXGroup;
			children = (
				4CAEA797E538F30926794551 /* AppContainer.swift */,
				66E117BAE13164C24CE628D0 /* AppLocalization.swift */,
				716533EFD2901EC614D27CC1 /* PointVerseApp.swift */,
			);
			path = App;
			sourceTree = "<group>";
		};
		FC153A3B722ECC263F440A3D /* Capture */ = {
			isa = PBXGroup;
			children = (
				7BC1CB606858B87E1316B5A6 /* CaptureView.swift */,
				D24866F69BF5BF289664746B /* SystemAudioRecorder.swift */,
			);
			path = Capture;
			sourceTree = "<group>";
		};
/* End PBXGroup section */

/* Begin PBXNativeTarget section */
		1048953655C6C48147D2F34B /* WhisperAdapter */ = {
			isa = PBXNativeTarget;
			buildConfigurationList = 6E8C83D1A6CDB89C51AEAB0E /* Build configuration list for PBXNativeTarget "WhisperAdapter" */;
			buildPhases = (
				E44697A67EDE2AE70735AE34 /* Sources */,
				EDD04FDCB3D9654F06F7DB14 /* Frameworks */,
			);
			buildRules = (
			);
			dependencies = (
			);
			name = WhisperAdapter;
			packageProductDependencies = (
				6E9732F8163A064268D8E7F6 /* PointVerseKit */,
				5345C31724AE01318A8530F0 /* whisper */,
			);
			productName = WhisperAdapter;
			productReference = 13C7FA764E75EB27D312BC1D /* WhisperAdapter.framework */;
			productType = "com.apple.product-type.framework";
		};
		429F8476F7B36AD371AD6306 /* QwenAdapter */ = {
			isa = PBXNativeTarget;
			buildConfigurationList = E499E7617D5D3517645084AC /* Build configuration list for PBXNativeTarget "QwenAdapter" */;
			buildPhases = (
				CA681B3CB4FB11576FCEE14A /* Sources */,
				AC115D4C0C7F16D8BA24A897 /* Frameworks */,
			);
			buildRules = (
			);
			dependencies = (
			);
			name = QwenAdapter;
			packageProductDependencies = (
				6F5166BFEC828BA1323CFA2B /* PointVerseKit */,
				B430E296F7E046097A251A8A /* llama */,
			);
			productName = QwenAdapter;
			productReference = A8D65E3405B008E1C081E305 /* QwenAdapter.framework */;
			productType = "com.apple.product-type.framework";
		};
		50C14C1ABB1B86D1C9E99CBB /* PointVerse */ = {
			isa = PBXNativeTarget;
			buildConfigurationList = CB6CC0CFF25E95E4EA52019A /* Build configuration list for PBXNativeTarget "PointVerse" */;
			buildPhases = (
				86425D7D40EEBC226046D492 /* Sources */,
				201FE5C1FC09851568E2E7B8 /* Resources */,
				AE1916440F5CF4FABF12F535 /* Frameworks */,
				C642D0CB72B3A9E241C8D104 /* Embed Frameworks */,
				004AEA3A7BAE88F989B8C953 /* Embed AI runtimes */,
			);
			buildRules = (
			);
			dependencies = (
				0CDC453DE8A421ED05CAB7C9 /* PBXTargetDependency */,
				BAFD32D66E44B47563E454A4 /* PBXTargetDependency */,
			);
			name = PointVerse;
			packageProductDependencies = (
				EF1601925276AADCFA77677C /* PointVerseKit */,
			);
			productName = PointVerse;
			productReference = 1295EBA18DDFC6F925F284D4 /* 点界.app */;
			productType = "com.apple.product-type.application";
		};
/* End PBXNativeTarget section */

/* Begin PBXProject section */
		8CC1D0EBFA164DD5440BFF8C /* Project object */ = {
			isa = PBXProject;
			attributes = {
				BuildIndependentTargetsInParallel = YES;
				LastUpgradeCheck = 1430;
			};
			buildConfigurationList = 9883EC62E6A1BF3C4E246766 /* Build configuration list for PBXProject "PointVerse" */;
			developmentRegion = en;
			hasScannedForEncodings = 0;
			knownRegions = (
				Base,
				en,
				ja,
				"zh-Hans",
				"zh-Hant",
			);
			mainGroup = A994A31E2C289E4E910AB9C5;
			minimizedProjectReferenceProxies = 1;
			packageReferences = (
				656D84356EA7D603F4E30D96 /* XCLocalSwiftPackageReference "Vendor/LlamaRuntime" */,
				AFD9463716429DBB81244AF7 /* XCLocalSwiftPackageReference "PointVerseKit" */,
				34E4FD5120D2F6F67C43FB14 /* XCLocalSwiftPackageReference "Vendor/WhisperRuntime" */,
			);
			preferredProjectObjectVersion = 77;
			productRefGroup = 2ACCE446338288A6F4B0FC9B /* Products */;
			projectDirPath = "";
			projectRoot = "";
			targets = (
				50C14C1ABB1B86D1C9E99CBB /* PointVerse */,
				1048953655C6C48147D2F34B /* WhisperAdapter */,
				429F8476F7B36AD371AD6306 /* QwenAdapter */,
			);
		};
/* End PBXProject section */

/* Begin PBXResourcesBuildPhase section */
		201FE5C1FC09851568E2E7B8 /* Resources */ = {
			isa = PBXResourcesBuildPhase;
			buildActionMask = 2147483647;
			files = (
				D9B44A1BEDAD91D3C5BE425E /* InfoPlist.strings in Resources */,
				42EDCEE27B34D5E5DB5DB273 /* Localizable.strings in Resources */,
			);
			runOnlyForDeploymentPostprocessing = 0;
		};
/* End PBXResourcesBuildPhase section */

/* Begin PBXShellScriptBuildPhase section */
		004AEA3A7BAE88F989B8C953 /* Embed AI runtimes */ = {
			isa = PBXShellScriptBuildPhase;
			buildActionMask = 2147483647;
			files = (
			);
			inputFileListPaths = (
			);
			inputPaths = (
				"$(BUILT_PRODUCTS_DIR)/whisper.framework/whisper",
				"$(BUILT_PRODUCTS_DIR)/llama.framework/llama",
			);
			name = "Embed AI runtimes";
			outputFileListPaths = (
			);
			outputPaths = (
				"$(TARGET_BUILD_DIR)/$(FRAMEWORKS_FOLDER_PATH)/whisper.framework/whisper",
				"$(TARGET_BUILD_DIR)/$(FRAMEWORKS_FOLDER_PATH)/llama.framework/llama",
			);
			runOnlyForDeploymentPostprocessing = 0;
			shellPath = /bin/sh;
			shellScript = "set -e\ndestination=\"${TARGET_BUILD_DIR}/${FRAMEWORKS_FOLDER_PATH}\"\nmkdir -p \"${destination}\"\nditto \"${BUILT_PRODUCTS_DIR}/whisper.framework\" \"${destination}/whisper.framework\"\nditto \"${BUILT_PRODUCTS_DIR}/llama.framework\" \"${destination}/llama.framework\"\nif [ -n \"${EXPANDED_CODE_SIGN_IDENTITY:-}\" ]; then\n  /usr/bin/codesign --force --sign \"${EXPANDED_CODE_SIGN_IDENTITY}\" --preserve-metadata=identifier \"${destination}/whisper.framework\"\n  /usr/bin/codesign --force --sign \"${EXPANDED_CODE_SIGN_IDENTITY}\" --preserve-metadata=identifier \"${destination}/llama.framework\"\nfi\n";
		};
/* End PBXShellScriptBuildPhase section */

/* Begin PBXSourcesBuildPhase section */
		86425D7D40EEBC226046D492 /* Sources */ = {
			isa = PBXSourcesBuildPhase;
			buildActionMask = 2147483647;
			files = (
				F39E94764FB17533DF598918 /* AppContainer.swift in Sources */,
				8503B2FC4C369E7476ED8268 /* AppLocalization.swift in Sources */,
				79D63B3F4893E3C2D806C78A /* AudioPlayerViewModel.swift in Sources */,
				68F6B492E852B9CBD7016C04 /* CaptureView.swift in Sources */,
				E22551A6E939122221FCD9FF /* ModelDownloadManager.swift in Sources */,
				47E2CE4217A243757878E183 /* ModelSettingsView.swift in Sources */,
				B51B349C350A7715739D1A9F /* PointDetailView.swift in Sources */,
				5243C3E32851018575973FBB /* PointListView.swift in Sources */,
				F6C5199E32631C23D76117E9 /* PointVerseApp.swift in Sources */,
				4CFADA315C11FC4F77AB7B95 /* SystemAudioRecorder.swift in Sources */,
				7DB0542E14D8D47D913839D5 /* TranscriptionService.swift in Sources */,
			);
			runOnlyForDeploymentPostprocessing = 0;
		};
		CA681B3CB4FB11576FCEE14A /* Sources */ = {
			isa = PBXSourcesBuildPhase;
			buildActionMask = 2147483647;
			files = (
				059B1ACD5CA8EC65D212AE49 /* QwenTitleGenerator.swift in Sources */,
			);
			runOnlyForDeploymentPostprocessing = 0;
		};
		E44697A67EDE2AE70735AE34 /* Sources */ = {
			isa = PBXSourcesBuildPhase;
			buildActionMask = 2147483647;
			files = (
				4B938517A392F47616F54F8E /* WhisperRecognizer.swift in Sources */,
			);
			runOnlyForDeploymentPostprocessing = 0;
		};
/* End PBXSourcesBuildPhase section */

/* Begin PBXTargetDependency section */
		0CDC453DE8A421ED05CAB7C9 /* PBXTargetDependency */ = {
			isa = PBXTargetDependency;
			target = 1048953655C6C48147D2F34B /* WhisperAdapter */;
			targetProxy = 726038466908D7D0BC473F64 /* PBXContainerItemProxy */;
		};
		BAFD32D66E44B47563E454A4 /* PBXTargetDependency */ = {
			isa = PBXTargetDependency;
			target = 429F8476F7B36AD371AD6306 /* QwenAdapter */;
			targetProxy = 7E588BF788924A3087393D5D /* PBXContainerItemProxy */;
		};
/* End PBXTargetDependency section */

/* Begin PBXVariantGroup section */
		4A72376C331A5411479AD783 /* Localizable.strings */ = {
			isa = PBXVariantGroup;
			children = (
				BB8FC5C9693E7897ADE1AD80 /* en */,
				C90EF4F0CEE530E84E5262BB /* ja */,
				2B2085183CD43466B8E2F5B7 /* zh-Hans */,
				5B725E10B707CD2D76D20BE3 /* zh-Hant */,
			);
			name = Localizable.strings;
			sourceTree = "<group>";
		};
		7D3EA7AA748408B7A2F1DA5F /* InfoPlist.strings */ = {
			isa = PBXVariantGroup;
			children = (
				F6E23365C1D6C56005A335E5 /* en */,
				24E265A97970E7093BC60BA7 /* ja */,
				952A2774D33165C315F2D5F3 /* zh-Hans */,
				5E1E2217C4EB458898C792E5 /* zh-Hant */,
			);
			name = InfoPlist.strings;
			sourceTree = "<group>";
		};
/* End PBXVariantGroup section */

/* Begin XCBuildConfiguration section */
		0EDEC17F61372726CC8A2D64 /* Debug */ = {
			isa = XCBuildConfiguration;
			buildSettings = {
				ASSETCATALOG_COMPILER_APPICON_NAME = AppIcon;
				CODE_SIGN_IDENTITY = "iPhone Developer";
				DEVELOPMENT_TEAM = SS4H5JZU3H;
				GENERATE_INFOPLIST_FILE = NO;
				INFOPLIST_FILE = PointVerseApp/Info.plist;
				LD_RUNPATH_SEARCH_PATHS = (
					"$(inherited)",
					"@executable_path/Frameworks",
				);
				PRODUCT_BUNDLE_IDENTIFIER = com.pointverse.poc;
				PRODUCT_NAME = "点界";
				SDKROOT = iphoneos;
				SWIFT_VERSION = 6.0;
				TARGETED_DEVICE_FAMILY = 1;
			};
			name = Debug;
		};
		36A9AF7526901C7CCB467C6B /* Debug */ = {
			isa = XCBuildConfiguration;
			buildSettings = {
				ALWAYS_SEARCH_USER_PATHS = NO;
				CLANG_ANALYZER_NONNULL = YES;
				CLANG_ANALYZER_NUMBER_OBJECT_CONVERSION = YES_AGGRESSIVE;
				CLANG_CXX_LANGUAGE_STANDARD = "gnu++14";
				CLANG_CXX_LIBRARY = "libc++";
				CLANG_ENABLE_MODULES = YES;
				CLANG_ENABLE_OBJC_ARC = YES;
				CLANG_ENABLE_OBJC_WEAK = YES;
				CLANG_WARN_BLOCK_CAPTURE_AUTORELEASING = YES;
				CLANG_WARN_BOOL_CONVERSION = YES;
				CLANG_WARN_COMMA = YES;
				CLANG_WARN_CONSTANT_CONVERSION = YES;
				CLANG_WARN_DEPRECATED_OBJC_IMPLEMENTATIONS = YES;
				CLANG_WARN_DIRECT_OBJC_ISA_USAGE = YES_ERROR;
				CLANG_WARN_DOCUMENTATION_COMMENTS = YES;
				CLANG_WARN_EMPTY_BODY = YES;
				CLANG_WARN_ENUM_CONVERSION = YES;
				CLANG_WARN_INFINITE_RECURSION = YES;
				CLANG_WARN_INT_CONVERSION = YES;
				CLANG_WARN_NON_LITERAL_NULL_CONVERSION = YES;
				CLANG_WARN_OBJC_IMPLICIT_RETAIN_SELF = YES;
				CLANG_WARN_OBJC_LITERAL_CONVERSION = YES;
				CLANG_WARN_OBJC_ROOT_CLASS = YES_ERROR;
				CLANG_WARN_QUOTED_INCLUDE_IN_FRAMEWORK_HEADER = YES;
				CLANG_WARN_RANGE_LOOP_ANALYSIS = YES;
				CLANG_WARN_STRICT_PROTOTYPES = YES;
				CLANG_WARN_SUSPICIOUS_MOVE = YES;
				CLANG_WARN_UNGUARDED_AVAILABILITY = YES_AGGRESSIVE;
				CLANG_WARN_UNREACHABLE_CODE = YES;
				CLANG_WARN__DUPLICATE_METHOD_MATCH = YES;
				COPY_PHASE_STRIP = NO;
				DEBUG_INFORMATION_FORMAT = dwarf;
				ENABLE_STRICT_OBJC_MSGSEND = YES;
				ENABLE_TESTABILITY = YES;
				GCC_C_LANGUAGE_STANDARD = gnu11;
				GCC_DYNAMIC_NO_PIC = NO;
				GCC_NO_COMMON_BLOCKS = YES;
				GCC_OPTIMIZATION_LEVEL = 0;
				GCC_PREPROCESSOR_DEFINITIONS = (
					"$(inherited)",
					"DEBUG=1",
				);
				GCC_WARN_64_TO_32_BIT_CONVERSION = YES;
				GCC_WARN_ABOUT_RETURN_TYPE = YES_ERROR;
				GCC_WARN_UNDECLARED_SELECTOR = YES;
				GCC_WARN_UNINITIALIZED_AUTOS = YES_AGGRESSIVE;
				GCC_WARN_UNUSED_FUNCTION = YES;
				GCC_WARN_UNUSED_VARIABLE = YES;
				IPHONEOS_DEPLOYMENT_TARGET = 17.0;
				MTL_ENABLE_DEBUG_INFO = INCLUDE_SOURCE;
				MTL_FAST_MATH = YES;
				ONLY_ACTIVE_ARCH = YES;
				PRODUCT_NAME = "$(TARGET_NAME)";
				SDKROOT = iphoneos;
				SWIFT_ACTIVE_COMPILATION_CONDITIONS = DEBUG;
				SWIFT_OPTIMIZATION_LEVEL = "-Onone";
				SWIFT_VERSION = 5.0;
			};
			name = Debug;
		};
		645E4A05E2A3293E3F2104A6 /* Release */ = {
			isa = XCBuildConfiguration;
			buildSettings = {
				ASSETCATALOG_COMPILER_APPICON_NAME = AppIcon;
				CODE_SIGN_IDENTITY = "iPhone Developer";
				DEVELOPMENT_TEAM = SS4H5JZU3H;
				GENERATE_INFOPLIST_FILE = NO;
				INFOPLIST_FILE = PointVerseApp/Info.plist;
				LD_RUNPATH_SEARCH_PATHS = (
					"$(inherited)",
					"@executable_path/Frameworks",
				);
				PRODUCT_BUNDLE_IDENTIFIER = com.pointverse.poc;
				PRODUCT_NAME = "点界";
				SDKROOT = iphoneos;
				SWIFT_VERSION = 6.0;
				TARGETED_DEVICE_FAMILY = 1;
			};
			name = Release;
		};
		AEE071553BBDD398C52AF83D /* Release */ = {
			isa = XCBuildConfiguration;
			buildSettings = {
				CODE_SIGN_IDENTITY = "";
				CURRENT_PROJECT_VERSION = 1;
				DEFINES_MODULE = YES;
				DYLIB_COMPATIBILITY_VERSION = 1;
				DYLIB_CURRENT_VERSION = 1;
				DYLIB_INSTALL_NAME_BASE = "@rpath";
				GENERATE_INFOPLIST_FILE = YES;
				INSTALL_PATH = "$(LOCAL_LIBRARY_DIR)/Frameworks";
				LD_RUNPATH_SEARCH_PATHS = (
					"$(inherited)",
					"@executable_path/Frameworks",
				);
				PRODUCT_BUNDLE_IDENTIFIER = "com.pointverse.poc.qwen-adapter";
				SDKROOT = iphoneos;
				SKIP_INSTALL = YES;
				SWIFT_VERSION = 6.0;
				TARGETED_DEVICE_FAMILY = "1,2";
				VERSIONING_SYSTEM = "apple-generic";
			};
			name = Release;
		};
		C56981818B6390B45B205CF4 /* Debug */ = {
			isa = XCBuildConfiguration;
			buildSettings = {
				CODE_SIGN_IDENTITY = "";
				CURRENT_PROJECT_VERSION = 1;
				DEFINES_MODULE = YES;
				DYLIB_COMPATIBILITY_VERSION = 1;
				DYLIB_CURRENT_VERSION = 1;
				DYLIB_INSTALL_NAME_BASE = "@rpath";
				GENERATE_INFOPLIST_FILE = YES;
				INSTALL_PATH = "$(LOCAL_LIBRARY_DIR)/Frameworks";
				LD_RUNPATH_SEARCH_PATHS = (
					"$(inherited)",
					"@executable_path/Frameworks",
				);
				PRODUCT_BUNDLE_IDENTIFIER = "com.pointverse.poc.whisper-adapter";
				SDKROOT = iphoneos;
				SKIP_INSTALL = YES;
				SWIFT_VERSION = 6.0;
				TARGETED_DEVICE_FAMILY = "1,2";
				VERSIONING_SYSTEM = "apple-generic";
			};
			name = Debug;
		};
		CC73091FC1C33BABC11487B7 /* Release */ = {
			isa = XCBuildConfiguration;
			buildSettings = {
				ALWAYS_SEARCH_USER_PATHS = NO;
				CLANG_ANALYZER_NONNULL = YES;
				CLANG_ANALYZER_NUMBER_OBJECT_CONVERSION = YES_AGGRESSIVE;
				CLANG_CXX_LANGUAGE_STANDARD = "gnu++14";
				CLANG_CXX_LIBRARY = "libc++";
				CLANG_ENABLE_MODULES = YES;
				CLANG_ENABLE_OBJC_ARC = YES;
				CLANG_ENABLE_OBJC_WEAK = YES;
				CLANG_WARN_BLOCK_CAPTURE_AUTORELEASING = YES;
				CLANG_WARN_BOOL_CONVERSION = YES;
				CLANG_WARN_COMMA = YES;
				CLANG_WARN_CONSTANT_CONVERSION = YES;
				CLANG_WARN_DEPRECATED_OBJC_IMPLEMENTATIONS = YES;
				CLANG_WARN_DIRECT_OBJC_ISA_USAGE = YES_ERROR;
				CLANG_WARN_DOCUMENTATION_COMMENTS = YES;
				CLANG_WARN_EMPTY_BODY = YES;
				CLANG_WARN_ENUM_CONVERSION = YES;
				CLANG_WARN_INFINITE_RECURSION = YES;
				CLANG_WARN_INT_CONVERSION = YES;
				CLANG_WARN_NON_LITERAL_NULL_CONVERSION = YES;
				CLANG_WARN_OBJC_IMPLICIT_RETAIN_SELF = YES;
				CLANG_WARN_OBJC_LITERAL_CONVERSION = YES;
				CLANG_WARN_OBJC_ROOT_CLASS = YES_ERROR;
				CLANG_WARN_QUOTED_INCLUDE_IN_FRAMEWORK_HEADER = YES;
				CLANG_WARN_RANGE_LOOP_ANALYSIS = YES;
				CLANG_WARN_STRICT_PROTOTYPES = YES;
				CLANG_WARN_SUSPICIOUS_MOVE = YES;
				CLANG_WARN_UNGUARDED_AVAILABILITY = YES_AGGRESSIVE;
				CLANG_WARN_UNREACHABLE_CODE = YES;
				CLANG_WARN__DUPLICATE_METHOD_MATCH = YES;
				COPY_PHASE_STRIP = NO;
				DEBUG_INFORMATION_FORMAT = "dwarf-with-dsym";
				ENABLE_NS_ASSERTIONS = NO;
				ENABLE_STRICT_OBJC_MSGSEND = YES;
				GCC_C_LANGUAGE_STANDARD = gnu11;
				GCC_NO_COMMON_BLOCKS = YES;
				GCC_WARN_64_TO_32_BIT_CONVERSION = YES;
				GCC_WARN_ABOUT_RETURN_TYPE = YES_ERROR;
				GCC_WARN_UNDECLARED_SELECTOR = YES;
				GCC_WARN_UNINITIALIZED_AUTOS = YES_AGGRESSIVE;
				GCC_WARN_UNUSED_FUNCTION = YES;
				GCC_WARN_UNUSED_VARIABLE = YES;
				IPHONEOS_DEPLOYMENT_TARGET = 17.0;
				MTL_ENABLE_DEBUG_INFO = NO;
				MTL_FAST_MATH = YES;
				PRODUCT_NAME = "$(TARGET_NAME)";
				SDKROOT = iphoneos;
				SWIFT_COMPILATION_MODE = wholemodule;
				SWIFT_OPTIMIZATION_LEVEL = "-O";
				SWIFT_VERSION = 5.0;
			};
			name = Release;
		};
		E100A39F71506E64A36E08B2 /* Debug */ = {
			isa = XCBuildConfiguration;
			buildSettings = {
				CODE_SIGN_IDENTITY = "";
				CURRENT_PROJECT_VERSION = 1;
				DEFINES_MODULE = YES;
				DYLIB_COMPATIBILITY_VERSION = 1;
				DYLIB_CURRENT_VERSION = 1;
				DYLIB_INSTALL_NAME_BASE = "@rpath";
				GENERATE_INFOPLIST_FILE = YES;
				INSTALL_PATH = "$(LOCAL_LIBRARY_DIR)/Frameworks";
				LD_RUNPATH_SEARCH_PATHS = (
					"$(inherited)",
					"@executable_path/Frameworks",
				);
				PRODUCT_BUNDLE_IDENTIFIER = "com.pointverse.poc.qwen-adapter";
				SDKROOT = iphoneos;
				SKIP_INSTALL = YES;
				SWIFT_VERSION = 6.0;
				TARGETED_DEVICE_FAMILY = "1,2";
				VERSIONING_SYSTEM = "apple-generic";
			};
			name = Debug;
		};
		F4B885906C0196F134B9A1AB /* Release */ = {
			isa = XCBuildConfiguration;
			buildSettings = {
				CODE_SIGN_IDENTITY = "";
				CURRENT_PROJECT_VERSION = 1;
				DEFINES_MODULE = YES;
				DYLIB_COMPATIBILITY_VERSION = 1;
				DYLIB_CURRENT_VERSION = 1;
				DYLIB_INSTALL_NAME_BASE = "@rpath";
				GENERATE_INFOPLIST_FILE = YES;
				INSTALL_PATH = "$(LOCAL_LIBRARY_DIR)/Frameworks";
				LD_RUNPATH_SEARCH_PATHS = (
					"$(inherited)",
					"@executable_path/Frameworks",
				);
				PRODUCT_BUNDLE_IDENTIFIER = "com.pointverse.poc.whisper-adapter";
				SDKROOT = iphoneos;
				SKIP_INSTALL = YES;
				SWIFT_VERSION = 6.0;
				TARGETED_DEVICE_FAMILY = "1,2";
				VERSIONING_SYSTEM = "apple-generic";
			};
			name = Release;
		};
/* End XCBuildConfiguration section */

/* Begin XCConfigurationList section */
		6E8C83D1A6CDB89C51AEAB0E /* Build configuration list for PBXNativeTarget "WhisperAdapter" */ = {
			isa = XCConfigurationList;
			buildConfigurations = (
				C56981818B6390B45B205CF4 /* Debug */,
				F4B885906C0196F134B9A1AB /* Release */,
			);
			defaultConfigurationIsVisible = 0;
			defaultConfigurationName = Debug;
		};
		9883EC62E6A1BF3C4E246766 /* Build configuration list for PBXProject "PointVerse" */ = {
			isa = XCConfigurationList;
			buildConfigurations = (
				36A9AF7526901C7CCB467C6B /* Debug */,
				CC73091FC1C33BABC11487B7 /* Release */,
			);
			defaultConfigurationIsVisible = 0;
			defaultConfigurationName = Debug;
		};
		CB6CC0CFF25E95E4EA52019A /* Build configuration list for PBXNativeTarget "PointVerse" */ = {
			isa = XCConfigurationList;
			buildConfigurations = (
				0EDEC17F61372726CC8A2D64 /* Debug */,
				645E4A05E2A3293E3F2104A6 /* Release */,
			);
			defaultConfigurationIsVisible = 0;
			defaultConfigurationName = Debug;
		};
		E499E7617D5D3517645084AC /* Build configuration list for PBXNativeTarget "QwenAdapter" */ = {
			isa = XCConfigurationList;
			buildConfigurations = (
				E100A39F71506E64A36E08B2 /* Debug */,
				AEE071553BBDD398C52AF83D /* Release */,
			);
			defaultConfigurationIsVisible = 0;
			defaultConfigurationName = Debug;
		};
/* End XCConfigurationList section */

/* Begin XCLocalSwiftPackageReference section */
		34E4FD5120D2F6F67C43FB14 /* XCLocalSwiftPackageReference "Vendor/WhisperRuntime" */ = {
			isa = XCLocalSwiftPackageReference;
			relativePath = Vendor/WhisperRuntime;
		};
		656D84356EA7D603F4E30D96 /* XCLocalSwiftPackageReference "Vendor/LlamaRuntime" */ = {
			isa = XCLocalSwiftPackageReference;
			relativePath = Vendor/LlamaRuntime;
		};
		AFD9463716429DBB81244AF7 /* XCLocalSwiftPackageReference "PointVerseKit" */ = {
			isa = XCLocalSwiftPackageReference;
			relativePath = PointVerseKit;
		};
/* End XCLocalSwiftPackageReference section */

/* Begin XCSwiftPackageProductDependency section */
		5345C31724AE01318A8530F0 /* whisper */ = {
			isa = XCSwiftPackageProductDependency;
			productName = whisper;
		};
		6E9732F8163A064268D8E7F6 /* PointVerseKit */ = {
			isa = XCSwiftPackageProductDependency;
			productName = PointVerseKit;
		};
		6F5166BFEC828BA1323CFA2B /* PointVerseKit */ = {
			isa = XCSwiftPackageProductDependency;
			productName = PointVerseKit;
		};
		B430E296F7E046097A251A8A /* llama */ = {
			isa = XCSwiftPackageProductDependency;
			productName = llama;
		};
		EF1601925276AADCFA77677C /* PointVerseKit */ = {
			isa = XCSwiftPackageProductDependency;
			productName = PointVerseKit;
		};
/* End XCSwiftPackageProductDependency section */
	};
	rootObject = 8CC1D0EBFA164DD5440BFF8C /* Project object */;
}
