// !$*UTF8*$!
{
	archiveVersion = 1;
	classes = {
	};
	objectVersion = 77;
	objects = {

/* Begin PBXBuildFile section */
		02F157B4EE85BB66B32061AD /* MultilingualE5Small.mlpackage in Sources */ = {isa = PBXBuildFile; fileRef = 21B1B6A58E2B3AEC869942E0 /* MultilingualE5Small.mlpackage */; };
		096226125B5039423956E298 /* WatchCaptureStore.swift in Sources */ = {isa = PBXBuildFile; fileRef = C8D1A377B368BE083A05CACA /* WatchCaptureStore.swift */; };
		09AE63B68223FE04E8EE49A3 /* Tokenizers in Frameworks */ = {isa = PBXBuildFile; productRef = 7A2F90E93A7921822C385A42 /* Tokenizers */; };
		0C5AF72B3024224085F88957 /* PointVerseWatch.app in Embed Watch Content */ = {isa = PBXBuildFile; fileRef = 63BD3FCB4B14F9E1B147974B /* PointVerseWatch.app */; settings = {ATTRIBUTES = (RemoveHeadersOnCopy, ); }; };
		11466DB45DA594D12B07E742 /* PointVerseWatchApp.swift in Sources */ = {isa = PBXBuildFile; fileRef = F09CF32054F6D91CEF12BA6E /* PointVerseWatchApp.swift */; };
		40EA3A8264FAF4DE3B63E177 /* BackgroundSessionEvents.swift in Sources */ = {isa = PBXBuildFile; fileRef = 99C9AD12C654B6A70F665BFF /* BackgroundSessionEvents.swift */; };
		42EDCEE27B34D5E5DB5DB273 /* Localizable.strings in Resources */ = {isa = PBXBuildFile; fileRef = 4A72376C331A5411479AD783 /* Localizable.strings */; };
		4CFADA315C11FC4F77AB7B95 /* SystemAudioRecorder.swift in Sources */ = {isa = PBXBuildFile; fileRef = D24866F69BF5BF289664746B /* SystemAudioRecorder.swift */; };
		5243C3E32851018575973FBB /* PointListView.swift in Sources */ = {isa = PBXBuildFile; fileRef = C49D567E2157613FF575EBB9 /* PointListView.swift */; };
		5408E114E7F43BA7E7B759FF /* StarMapView.swift in Sources */ = {isa = PBXBuildFile; fileRef = F05C89EAA234DFC507134DC1 /* StarMapView.swift */; };
		57EC78122B4B5FDE5C301F4A /* PointVerseKit in Frameworks */ = {isa = PBXBuildFile; productRef = EF1601925276AADCFA77677C /* PointVerseKit */; };
		5E53701C9355270F9A084DCB /* Assets.xcassets in Resources */ = {isa = PBXBuildFile; fileRef = AEBFF404379E2101831D913A /* Assets.xcassets */; };
		68F6B492E852B9CBD7016C04 /* CaptureView.swift in Sources */ = {isa = PBXBuildFile; fileRef = 7BC1CB606858B87E1316B5A6 /* CaptureView.swift */; };
		79D63B3F4893E3C2D806C78A /* AudioPlayerViewModel.swift in Sources */ = {isa = PBXBuildFile; fileRef = D160DE426EF06F3C85AAC7B6 /* AudioPlayerViewModel.swift */; };
		7DB0542E14D8D47D913839D5 /* TranscriptionService.swift in Sources */ = {isa = PBXBuildFile; fileRef = 57F7CF371D851D0C7732EA8C /* TranscriptionService.swift */; };
		8503B2FC4C369E7476ED8268 /* AppLocalization.swift in Sources */ = {isa = PBXBuildFile; fileRef = 66E117BAE13164C24CE628D0 /* AppLocalization.swift */; };
		86ECCF7F5A5CC64FC721261A /* WatchCaptureView.swift in Sources */ = {isa = PBXBuildFile; fileRef = 52ADCDDCA3DB1E1FB444C28E /* WatchCaptureView.swift */; };
		94435D8810214C8FC7F63198 /* SquarePhotoCropView.swift in Sources */ = {isa = PBXBuildFile; fileRef = AB36F16698FFC6BFB2734DCC /* SquarePhotoCropView.swift */; };
		9D2EFB42E44719C20B7D5284 /* WatchTransferManager.swift in Sources */ = {isa = PBXBuildFile; fileRef = 6240E07F2C5E5DC0695CF722 /* WatchTransferManager.swift */; };
		9F15B672E502D84FC0C9732D /* WatchCaptureViewModel.swift in Sources */ = {isa = PBXBuildFile; fileRef = B9C9277D58D6C430182370E5 /* WatchCaptureViewModel.swift */; };
		A99D35AC9101FDD62C5004E9 /* special_tokens_map.json in Resources */ = {isa = PBXBuildFile; fileRef = CAD222DEB5F332B46BC5EA07 /* special_tokens_map.json */; };
		AE065FB9DB6A08BCE1A96473 /* tokenizer.json in Resources */ = {isa = PBXBuildFile; fileRef = 271D595FD56333A5080F43AC /* tokenizer.json */; };
		B51B349C350A7715739D1A9F /* PointDetailView.swift in Sources */ = {isa = PBXBuildFile; fileRef = A9DFFB2A54AF6E33D666F99E /* PointDetailView.swift */; };
		BB6EDB66E2C349D069AE0854 /* WatchAudioRecorder.swift in Sources */ = {isa = PBXBuildFile; fileRef = DBB549BAC0CB8D339CA6C41B /* WatchAudioRecorder.swift */; };
		CCCE03F54AEE4B8EEE36C22A /* E5CoreMLEmbedding.swift in Sources */ = {isa = PBXBuildFile; fileRef = 8495ACEE184C09CB063410C6 /* E5CoreMLEmbedding.swift */; };
		D64CEABDB7E54CF6E688457A /* EmbeddingService.swift in Sources */ = {isa = PBXBuildFile; fileRef = 350717BAF15B6D474531ACEB /* EmbeddingService.swift */; };
		D96BC05DDD408DFAF1854EBE /* tokenizer_config.json in Resources */ = {isa = PBXBuildFile; fileRef = 8B2FFAF03AFA64B293D72761 /* tokenizer_config.json */; };
		D9B44A1BEDAD91D3C5BE425E /* InfoPlist.strings in Resources */ = {isa = PBXBuildFile; fileRef = 7D3EA7AA748408B7A2F1DA5F /* InfoPlist.strings */; };
		E39193ECCC490EF044C0BBFC /* ImageTextRecognizer.swift in Sources */ = {isa = PBXBuildFile; fileRef = B46EB586B79573D8CC06601B /* ImageTextRecognizer.swift */; };
		F39E94764FB17533DF598918 /* AppContainer.swift in Sources */ = {isa = PBXBuildFile; fileRef = 4CAEA797E538F30926794551 /* AppContainer.swift */; };
		F6C5199E32631C23D76117E9 /* PointVerseApp.swift in Sources */ = {isa = PBXBuildFile; fileRef = 716533EFD2901EC614D27CC1 /* PointVerseApp.swift */; };
/* End PBXBuildFile section */

/* Begin PBXContainerItemProxy section */
		A9579808E61BDF68AE3B2EE7 /* PBXContainerItemProxy */ = {
			isa = PBXContainerItemProxy;
			containerPortal = 8CC1D0EBFA164DD5440BFF8C /* Project object */;
			proxyType = 1;
			remoteGlobalIDString = 31ED093F9AE5C346B3D48763;
			remoteInfo = PointVerseWatch;
		};
/* End PBXContainerItemProxy section */

/* Begin PBXCopyFilesBuildPhase section */
		12D266E0B763D1108FC5A681 /* Embed Watch Content */ = {
			isa = PBXCopyFilesBuildPhase;
			buildActionMask = 2147483647;
			dstPath = "$(CONTENTS_FOLDER_PATH)/Watch";
			dstSubfolderSpec = 16;
			files = (
				0C5AF72B3024224085F88957 /* PointVerseWatch.app in Embed Watch Content */,
			);
			name = "Embed Watch Content";
			runOnlyForDeploymentPostprocessing = 0;
		};
/* End PBXCopyFilesBuildPhase section */

/* Begin PBXFileReference section */
		1295EBA18DDFC6F925F284D4 /* PointVerse.app */ = {isa = PBXFileReference; includeInIndex = 0; lastKnownFileType = wrapper.application; path = PointVerse.app; sourceTree = BUILT_PRODUCTS_DIR; };
		21B1B6A58E2B3AEC869942E0 /* MultilingualE5Small.mlpackage */ = {isa = PBXFileReference; path = MultilingualE5Small.mlpackage; sourceTree = "<group>"; };
		24E265A97970E7093BC60BA7 /* ja */ = {isa = PBXFileReference; lastKnownFileType = text.plist.strings; name = ja; path = ja.lproj/InfoPlist.strings; sourceTree = "<group>"; };
		26DFE56B963C328D0138CCA7 /* PointVerseKit */ = {isa = PBXFileReference; lastKnownFileType = folder; name = PointVerseKit; path = PointVerseKit; sourceTree = SOURCE_ROOT; };
		271D595FD56333A5080F43AC /* tokenizer.json */ = {isa = PBXFileReference; lastKnownFileType = text.json; path = tokenizer.json; sourceTree = "<group>"; };
		2B2085183CD43466B8E2F5B7 /* zh-Hans */ = {isa = PBXFileReference; lastKnownFileType = text.plist.strings; name = "zh-Hans"; path = "zh-Hans.lproj/Localizable.strings"; sourceTree = "<group>"; };
		350717BAF15B6D474531ACEB /* EmbeddingService.swift */ = {isa = PBXFileReference; lastKnownFileType = sourcecode.swift; path = EmbeddingService.swift; sourceTree = "<group>"; };
		4CAEA797E538F30926794551 /* AppContainer.swift */ = {isa = PBXFileReference; lastKnownFileType = sourcecode.swift; path = AppContainer.swift; sourceTree = "<group>"; };
		52ADCDDCA3DB1E1FB444C28E /* WatchCaptureView.swift */ = {isa = PBXFileReference; lastKnownFileType = sourcecode.swift; path = WatchCaptureView.swift; sourceTree = "<group>"; };
		57F7CF371D851D0C7732EA8C /* TranscriptionService.swift */ = {isa = PBXFileReference; lastKnownFileType = sourcecode.swift; path = TranscriptionService.swift; sourceTree = "<group>"; };
		5B725E10B707CD2D76D20BE3 /* zh-Hant */ = {isa = PBXFileReference; lastKnownFileType = text.plist.strings; name = "zh-Hant"; path = "zh-Hant.lproj/Localizable.strings"; sourceTree = "<group>"; };
		5E1E2217C4EB458898C792E5 /* zh-Hant */ = {isa = PBXFileReference; lastKnownFileType = text.plist.strings; name = "zh-Hant"; path = "zh-Hant.lproj/InfoPlist.strings"; sourceTree = "<group>"; };
		6240E07F2C5E5DC0695CF722 /* WatchTransferManager.swift */ = {isa = PBXFileReference; lastKnownFileType = sourcecode.swift; path = WatchTransferManager.swift; sourceTree = "<group>"; };
		63BD3FCB4B14F9E1B147974B /* PointVerseWatch.app */ = {isa = PBXFileReference; explicitFileType = wrapper.application; includeInIndex = 0; path = PointVerseWatch.app; sourceTree = BUILT_PRODUCTS_DIR; };
		66E117BAE13164C24CE628D0 /* AppLocalization.swift */ = {isa = PBXFileReference; lastKnownFileType = sourcecode.swift; path = AppLocalization.swift; sourceTree = "<group>"; };
		716533EFD2901EC614D27CC1 /* PointVerseApp.swift */ = {isa = PBXFileReference; lastKnownFileType = sourcecode.swift; path = PointVerseApp.swift; sourceTree = "<group>"; };
		7BC1CB606858B87E1316B5A6 /* CaptureView.swift */ = {isa = PBXFileReference; lastKnownFileType = sourcecode.swift; path = CaptureView.swift; sourceTree = "<group>"; };
		8495ACEE184C09CB063410C6 /* E5CoreMLEmbedding.swift */ = {isa = PBXFileReference; lastKnownFileType = sourcecode.swift; path = E5CoreMLEmbedding.swift; sourceTree = "<group>"; };
		8B2FFAF03AFA64B293D72761 /* tokenizer_config.json */ = {isa = PBXFileReference; lastKnownFileType = text.json; path = tokenizer_config.json; sourceTree = "<group>"; };
		952A2774D33165C315F2D5F3 /* zh-Hans */ = {isa = PBXFileReference; lastKnownFileType = text.plist.strings; name = "zh-Hans"; path = "zh-Hans.lproj/InfoPlist.strings"; sourceTree = "<group>"; };
		99C9AD12C654B6A70F665BFF /* BackgroundSessionEvents.swift */ = {isa = PBXFileReference; lastKnownFileType = sourcecode.swift; path = BackgroundSessionEvents.swift; sourceTree = "<group>"; };
		A9DFFB2A54AF6E33D666F99E /* PointDetailView.swift */ = {isa = PBXFileReference; lastKnownFileType = sourcecode.swift; path = PointDetailView.swift; sourceTree = "<group>"; };
		AB36F16698FFC6BFB2734DCC /* SquarePhotoCropView.swift */ = {isa = PBXFileReference; lastKnownFileType = sourcecode.swift; path = SquarePhotoCropView.swift; sourceTree = "<group>"; };
		AEBFF404379E2101831D913A /* Assets.xcassets */ = {isa = PBXFileReference; lastKnownFileType = folder.assetcatalog; path = Assets.xcassets; sourceTree = "<group>"; };
		B46EB586B79573D8CC06601B /* ImageTextRecognizer.swift */ = {isa = PBXFileReference; lastKnownFileType = sourcecode.swift; path = ImageTextRecognizer.swift; sourceTree = "<group>"; };
		B9C9277D58D6C430182370E5 /* WatchCaptureViewModel.swift */ = {isa = PBXFileReference; lastKnownFileType = sourcecode.swift; path = WatchCaptureViewModel.swift; sourceTree = "<group>"; };
		BB8FC5C9693E7897ADE1AD80 /* en */ = {isa = PBXFileReference; lastKnownFileType = text.plist.strings; name = en; path = en.lproj/Localizable.strings; sourceTree = "<group>"; };
		C49D567E2157613FF575EBB9 /* PointListView.swift */ = {isa = PBXFileReference; lastKnownFileType = sourcecode.swift; path = PointListView.swift; sourceTree = "<group>"; };
		C8D1A377B368BE083A05CACA /* WatchCaptureStore.swift */ = {isa = PBXFileReference; lastKnownFileType = sourcecode.swift; path = WatchCaptureStore.swift; sourceTree = "<group>"; };
		C90EF4F0CEE530E84E5262BB /* ja */ = {isa = PBXFileReference; lastKnownFileType = text.plist.strings; name = ja; path = ja.lproj/Localizable.strings; sourceTree = "<group>"; };
		CAD222DEB5F332B46BC5EA07 /* special_tokens_map.json */ = {isa = PBXFileReference; lastKnownFileType = text.json; path = special_tokens_map.json; sourceTree = "<group>"; };
		D160DE426EF06F3C85AAC7B6 /* AudioPlayerViewModel.swift */ = {isa = PBXFileReference; lastKnownFileType = sourcecode.swift; path = AudioPlayerViewModel.swift; sourceTree = "<group>"; };
		D24866F69BF5BF289664746B /* SystemAudioRecorder.swift */ = {isa = PBXFileReference; lastKnownFileType = sourcecode.swift; path = SystemAudioRecorder.swift; sourceTree = "<group>"; };
		DBB549BAC0CB8D339CA6C41B /* WatchAudioRecorder.swift */ = {isa = PBXFileReference; lastKnownFileType = sourcecode.swift; path = WatchAudioRecorder.swift; sourceTree = "<group>"; };
		F05C89EAA234DFC507134DC1 /* StarMapView.swift */ = {isa = PBXFileReference; lastKnownFileType = sourcecode.swift; path = StarMapView.swift; sourceTree = "<group>"; };
		F09CF32054F6D91CEF12BA6E /* PointVerseWatchApp.swift */ = {isa = PBXFileReference; lastKnownFileType = sourcecode.swift; path = PointVerseWatchApp.swift; sourceTree = "<group>"; };
		F6E23365C1D6C56005A335E5 /* en */ = {isa = PBXFileReference; lastKnownFileType = text.plist.strings; name = en; path = en.lproj/InfoPlist.strings; sourceTree = "<group>"; };
/* End PBXFileReference section */

/* Begin PBXFrameworksBuildPhase section */
		AE1916440F5CF4FABF12F535 /* Frameworks */ = {
			isa = PBXFrameworksBuildPhase;
			buildActionMask = 2147483647;
			files = (
				57EC78122B4B5FDE5C301F4A /* PointVerseKit in Frameworks */,
				09AE63B68223FE04E8EE49A3 /* Tokenizers in Frameworks */,
			);
			runOnlyForDeploymentPostprocessing = 0;
		};
/* End PBXFrameworksBuildPhase section */

/* Begin PBXGroup section */
		013E34F74C8E7DA1188C20ED /* PointVerseApp */ = {
			isa = PBXGroup;
			children = (
				AEBFF404379E2101831D913A /* Assets.xcassets */,
				C6FED5CC5E5E53AE69FDD8AB /* App */,
				BD3C738103908198E1B62E75 /* Features */,
				81A3169B31AB258CEB9BFFB0 /* Resources */,
			);
			path = PointVerseApp;
			sourceTree = "<group>";
		};
		047550F118237DA88CBD168F /* Capture */ = {
			isa = PBXGroup;
			children = (
				DBB549BAC0CB8D339CA6C41B /* WatchAudioRecorder.swift */,
				52ADCDDCA3DB1E1FB444C28E /* WatchCaptureView.swift */,
				B9C9277D58D6C430182370E5 /* WatchCaptureViewModel.swift */,
			);
			path = Capture;
			sourceTree = "<group>";
		};
		116999ADD5EFBB4D7DD15D57 /* Connectivity */ = {
			isa = PBXGroup;
			children = (
				6240E07F2C5E5DC0695CF722 /* WatchTransferManager.swift */,
			);
			path = Connectivity;
			sourceTree = "<group>";
		};
		21EA5E19DAD9F8106EE36010 /* Embedding */ = {
			isa = PBXGroup;
			children = (
				8495ACEE184C09CB063410C6 /* E5CoreMLEmbedding.swift */,
				350717BAF15B6D474531ACEB /* EmbeddingService.swift */,
			);
			path = Embedding;
			sourceTree = "<group>";
		};
		23947489219C6D320A1E0E29 /* PointList */ = {
			isa = PBXGroup;
			children = (
				C49D567E2157613FF575EBB9 /* PointListView.swift */,
			);
			path = PointList;
			sourceTree = "<group>";
		};
		2ACCE446338288A6F4B0FC9B /* Products */ = {
			isa = PBXGroup;
			children = (
				1295EBA18DDFC6F925F284D4 /* PointVerse.app */,
				63BD3FCB4B14F9E1B147974B /* PointVerseWatch.app */,
			);
			name = Products;
			sourceTree = "<group>";
		};
		2CC9756829FE102BD437FA02 /* PointDetail */ = {
			isa = PBXGroup;
			children = (
				D160DE426EF06F3C85AAC7B6 /* AudioPlayerViewModel.swift */,
				A9DFFB2A54AF6E33D666F99E /* PointDetailView.swift */,
				AB36F16698FFC6BFB2734DCC /* SquarePhotoCropView.swift */,
				57F7CF371D851D0C7732EA8C /* TranscriptionService.swift */,
			);
			path = PointDetail;
			sourceTree = "<group>";
		};
		47D89E5B19BBD80C35145E80 /* Storage */ = {
			isa = PBXGroup;
			children = (
				C8D1A377B368BE083A05CACA /* WatchCaptureStore.swift */,
			);
			path = Storage;
			sourceTree = "<group>";
		};
		4A5E95FF65A4A4675BAD1B63 /* Embedding */ = {
			isa = PBXGroup;
			children = (
				21B1B6A58E2B3AEC869942E0 /* MultilingualE5Small.mlpackage */,
				CCB1472B79A003F08D97BC4D /* multilingual-e5-small-tokenizer */,
			);
			path = Embedding;
			sourceTree = "<group>";
		};
		56FC1279A39BD5B102A7C913 /* PointVerseWatchApp */ = {
			isa = PBXGroup;
			children = (
				8E66921770A54A54330EA946 /* App */,
				047550F118237DA88CBD168F /* Capture */,
				116999ADD5EFBB4D7DD15D57 /* Connectivity */,
				47D89E5B19BBD80C35145E80 /* Storage */,
			);
			path = PointVerseWatchApp;
			sourceTree = "<group>";
		};
		58090F47C961A275EB8A9FBD /* StarMap */ = {
			isa = PBXGroup;
			children = (
				F05C89EAA234DFC507134DC1 /* StarMapView.swift */,
			);
			path = StarMap;
			sourceTree = "<group>";
		};
		81A3169B31AB258CEB9BFFB0 /* Resources */ = {
			isa = PBXGroup;
			children = (
				4A5E95FF65A4A4675BAD1B63 /* Embedding */,
				7D3EA7AA748408B7A2F1DA5F /* InfoPlist.strings */,
				4A72376C331A5411479AD783 /* Localizable.strings */,
			);
			path = Resources;
			sourceTree = "<group>";
		};
		8BB94F2A41814A28CC6F5E7C /* Packages */ = {
			isa = PBXGroup;
			children = (
				26DFE56B963C328D0138CCA7 /* PointVerseKit */,
			);
			name = Packages;
			sourceTree = "<group>";
		};
		8E66921770A54A54330EA946 /* App */ = {
			isa = PBXGroup;
			children = (
				F09CF32054F6D91CEF12BA6E /* PointVerseWatchApp.swift */,
			);
			path = App;
			sourceTree = "<group>";
		};
		A994A31E2C289E4E910AB9C5 = {
			isa = PBXGroup;
			children = (
				8BB94F2A41814A28CC6F5E7C /* Packages */,
				013E34F74C8E7DA1188C20ED /* PointVerseApp */,
				56FC1279A39BD5B102A7C913 /* PointVerseWatchApp */,
				2ACCE446338288A6F4B0FC9B /* Products */,
			);
			sourceTree = "<group>";
		};
		BD3C738103908198E1B62E75 /* Features */ = {
			isa = PBXGroup;
			children = (
				FC153A3B722ECC263F440A3D /* Capture */,
				21EA5E19DAD9F8106EE36010 /* Embedding */,
				F118855ED00548C902C2640A /* ImageGeneration */,
				2CC9756829FE102BD437FA02 /* PointDetail */,
				23947489219C6D320A1E0E29 /* PointList */,
				58090F47C961A275EB8A9FBD /* StarMap */,
			);
			path = Features;
			sourceTree = "<group>";
		};
		C6FED5CC5E5E53AE69FDD8AB /* App */ = {
			isa = PBXGroup;
			children = (
				4CAEA797E538F30926794551 /* AppContainer.swift */,
				66E117BAE13164C24CE628D0 /* AppLocalization.swift */,
				99C9AD12C654B6A70F665BFF /* BackgroundSessionEvents.swift */,
				716533EFD2901EC614D27CC1 /* PointVerseApp.swift */,
			);
			path = App;
			sourceTree = "<group>";
		};
		CCB1472B79A003F08D97BC4D /* multilingual-e5-small-tokenizer */ = {
			isa = PBXGroup;
			children = (
				CAD222DEB5F332B46BC5EA07 /* special_tokens_map.json */,
				8B2FFAF03AFA64B293D72761 /* tokenizer_config.json */,
				271D595FD56333A5080F43AC /* tokenizer.json */,
			);
			path = "multilingual-e5-small-tokenizer";
			sourceTree = "<group>";
		};
		F118855ED00548C902C2640A /* ImageGeneration */ = {
			isa = PBXGroup;
			children = (
				B46EB586B79573D8CC06601B /* ImageTextRecognizer.swift */,
			);
			path = ImageGeneration;
			sourceTree = "<group>";
		};
		FC153A3B722ECC263F440A3D /* Capture */ = {
			isa = PBXGroup;
			children = (
				7BC1CB606858B87E1316B5A6 /* CaptureView.swift */,
				D24866F69BF5BF289664746B /* SystemAudioRecorder.swift */,
			);
			path = Capture;
			sourceTree = "<group>";
		};
/* End PBXGroup section */

/* Begin PBXNativeTarget section */
		31ED093F9AE5C346B3D48763 /* PointVerseWatch */ = {
			isa = PBXNativeTarget;
			buildConfigurationList = AFD12AFDEBD37F2384F1A52F /* Build configuration list for PBXNativeTarget "PointVerseWatch" */;
			buildPhases = (
				46129456DF8E2B04FDFC1CBF /* Sources */,
			);
			buildRules = (
			);
			dependencies = (
			);
			name = PointVerseWatch;
			packageProductDependencies = (
			);
			productName = PointVerseWatch;
			productReference = 63BD3FCB4B14F9E1B147974B /* PointVerseWatch.app */;
			productType = "com.apple.product-type.application";
		};
		50C14C1ABB1B86D1C9E99CBB /* PointVerse */ = {
			isa = PBXNativeTarget;
			buildConfigurationList = CB6CC0CFF25E95E4EA52019A /* Build configuration list for PBXNativeTarget "PointVerse" */;
			buildPhases = (
				86425D7D40EEBC226046D492 /* Sources */,
				201FE5C1FC09851568E2E7B8 /* Resources */,
				AE1916440F5CF4FABF12F535 /* Frameworks */,
				12D266E0B763D1108FC5A681 /* Embed Watch Content */,
			);
			buildRules = (
			);
			dependencies = (
				06E436A6742F5873673E6EAF /* PBXTargetDependency */,
			);
			name = PointVerse;
			packageProductDependencies = (
				EF1601925276AADCFA77677C /* PointVerseKit */,
				7A2F90E93A7921822C385A42 /* Tokenizers */,
			);
			productName = PointVerse;
			productReference = 1295EBA18DDFC6F925F284D4 /* PointVerse.app */;
			productType = "com.apple.product-type.application";
		};
/* End PBXNativeTarget section */

/* Begin PBXProject section */
		8CC1D0EBFA164DD5440BFF8C /* Project object */ = {
			isa = PBXProject;
			attributes = {
				BuildIndependentTargetsInParallel = YES;
				LastUpgradeCheck = 1430;
				TargetAttributes = {
					31ED093F9AE5C346B3D48763 = {
						DevelopmentTeam = SS4H5JZU3H;
						ProvisioningStyle = Automatic;
					};
					50C14C1ABB1B86D1C9E99CBB = {
						DevelopmentTeam = SS4H5JZU3H;
						ProvisioningStyle = Automatic;
					};
				};
			};
			buildConfigurationList = 9883EC62E6A1BF3C4E246766 /* Build configuration list for PBXProject "PointVerse" */;
			developmentRegion = en;
			hasScannedForEncodings = 0;
			knownRegions = (
				Base,
				en,
				ja,
				"zh-Hans",
				"zh-Hant",
			);
			mainGroup = A994A31E2C289E4E910AB9C5;
			minimizedProjectReferenceProxies = 1;
			packageReferences = (
				959A8485B5F031ACFD74A8A0 /* XCRemoteSwiftPackageReference "swift-transformers" */,
				AFD9463716429DBB81244AF7 /* XCLocalSwiftPackageReference "PointVerseKit" */,
			);
			preferredProjectObjectVersion = 77;
			productRefGroup = 2ACCE446338288A6F4B0FC9B /* Products */;
			projectDirPath = "";
			projectRoot = "";
			targets = (
				31ED093F9AE5C346B3D48763 /* PointVerseWatch */,
				50C14C1ABB1B86D1C9E99CBB /* PointVerse */,
			);
		};
/* End PBXProject section */

/* Begin PBXResourcesBuildPhase section */
		201FE5C1FC09851568E2E7B8 /* Resources */ = {
			isa = PBXResourcesBuildPhase;
			buildActionMask = 2147483647;
			files = (
				5E53701C9355270F9A084DCB /* Assets.xcassets in Resources */,
				D9B44A1BEDAD91D3C5BE425E /* InfoPlist.strings in Resources */,
				42EDCEE27B34D5E5DB5DB273 /* Localizable.strings in Resources */,
				A99D35AC9101FDD62C5004E9 /* special_tokens_map.json in Resources */,
				AE065FB9DB6A08BCE1A96473 /* tokenizer.json in Resources */,
				D96BC05DDD408DFAF1854EBE /* tokenizer_config.json in Resources */,
			);
			runOnlyForDeploymentPostprocessing = 0;
		};
/* End PBXResourcesBuildPhase section */

/* Begin PBXSourcesBuildPhase section */
		46129456DF8E2B04FDFC1CBF /* Sources */ = {
			isa = PBXSourcesBuildPhase;
			buildActionMask = 2147483647;
			files = (
				11466DB45DA594D12B07E742 /* PointVerseWatchApp.swift in Sources */,
				BB6EDB66E2C349D069AE0854 /* WatchAudioRecorder.swift in Sources */,
				096226125B5039423956E298 /* WatchCaptureStore.swift in Sources */,
				86ECCF7F5A5CC64FC721261A /* WatchCaptureView.swift in Sources */,
				9F15B672E502D84FC0C9732D /* WatchCaptureViewModel.swift in Sources */,
				9D2EFB42E44719C20B7D5284 /* WatchTransferManager.swift in Sources */,
			);
			runOnlyForDeploymentPostprocessing = 0;
		};
		86425D7D40EEBC226046D492 /* Sources */ = {
			isa = PBXSourcesBuildPhase;
			buildActionMask = 2147483647;
			files = (
				F39E94764FB17533DF598918 /* AppContainer.swift in Sources */,
				8503B2FC4C369E7476ED8268 /* AppLocalization.swift in Sources */,
				79D63B3F4893E3C2D806C78A /* AudioPlayerViewModel.swift in Sources */,
				40EA3A8264FAF4DE3B63E177 /* BackgroundSessionEvents.swift in Sources */,
				68F6B492E852B9CBD7016C04 /* CaptureView.swift in Sources */,
				CCCE03F54AEE4B8EEE36C22A /* E5CoreMLEmbedding.swift in Sources */,
				D64CEABDB7E54CF6E688457A /* EmbeddingService.swift in Sources */,
				E39193ECCC490EF044C0BBFC /* ImageTextRecognizer.swift in Sources */,
				02F157B4EE85BB66B32061AD /* MultilingualE5Small.mlpackage in Sources */,
				B51B349C350A7715739D1A9F /* PointDetailView.swift in Sources */,
				5243C3E32851018575973FBB /* PointListView.swift in Sources */,
				F6C5199E32631C23D76117E9 /* PointVerseApp.swift in Sources */,
				94435D8810214C8FC7F63198 /* SquarePhotoCropView.swift in Sources */,
				5408E114E7F43BA7E7B759FF /* StarMapView.swift in Sources */,
				4CFADA315C11FC4F77AB7B95 /* SystemAudioRecorder.swift in Sources */,
				7DB0542E14D8D47D913839D5 /* TranscriptionService.swift in Sources */,
			);
			runOnlyForDeploymentPostprocessing = 0;
		};
/* End PBXSourcesBuildPhase section */

/* Begin PBXTargetDependency section */
		06E436A6742F5873673E6EAF /* PBXTargetDependency */ = {
			isa = PBXTargetDependency;
			target = 31ED093F9AE5C346B3D48763 /* PointVerseWatch */;
			targetProxy = A9579808E61BDF68AE3B2EE7 /* PBXContainerItemProxy */;
		};
/* End PBXTargetDependency section */

/* Begin PBXVariantGroup section */
		4A72376C331A5411479AD783 /* Localizable.strings */ = {
			isa = PBXVariantGroup;
			children = (
				BB8FC5C9693E7897ADE1AD80 /* en */,
				C90EF4F0CEE530E84E5262BB /* ja */,
				2B2085183CD43466B8E2F5B7 /* zh-Hans */,
				5B725E10B707CD2D76D20BE3 /* zh-Hant */,
			);
			name = Localizable.strings;
			sourceTree = "<group>";
		};
		7D3EA7AA748408B7A2F1DA5F /* InfoPlist.strings */ = {
			isa = PBXVariantGroup;
			children = (
				F6E23365C1D6C56005A335E5 /* en */,
				24E265A97970E7093BC60BA7 /* ja */,
				952A2774D33165C315F2D5F3 /* zh-Hans */,
				5E1E2217C4EB458898C792E5 /* zh-Hant */,
			);
			name = InfoPlist.strings;
			sourceTree = "<group>";
		};
/* End PBXVariantGroup section */

/* Begin XCBuildConfiguration section */
		0EDEC17F61372726CC8A2D64 /* Debug */ = {
			isa = XCBuildConfiguration;
			buildSettings = {
				ASSETCATALOG_COMPILER_APPICON_NAME = AppIcon;
				CODE_SIGN_IDENTITY = "iPhone Developer";
				CODE_SIGN_STYLE = Automatic;
				DEVELOPMENT_TEAM = SS4H5JZU3H;
				GENERATE_INFOPLIST_FILE = NO;
				INFOPLIST_FILE = PointVerseApp/Info.plist;
				LD_RUNPATH_SEARCH_PATHS = (
					"$(inherited)",
					"@executable_path/Frameworks",
				);
				PRODUCT_BUNDLE_IDENTIFIER = com.dianjie.pv;
				PRODUCT_NAME = "点界";
				SDKROOT = iphoneos;
				SWIFT_VERSION = 6.0;
				TARGETED_DEVICE_FAMILY = 1;
			};
			name = Debug;
		};
		320CE3058678F1AA36320306 /* Release */ = {
			isa = XCBuildConfiguration;
			buildSettings = {
				ASSETCATALOG_COMPILER_APPICON_NAME = AppIcon;
				CODE_SIGN_STYLE = Automatic;
				DEVELOPMENT_TEAM = SS4H5JZU3H;
				GENERATE_INFOPLIST_FILE = NO;
				INFOPLIST_FILE = PointVerseWatchApp/Info.plist;
				PRODUCT_BUNDLE_IDENTIFIER = com.dianjie.pv.watchkitapp;
				PRODUCT_NAME = "点界 Watch";
				SDKROOT = watchos;
				SKIP_INSTALL = NO;
				SWIFT_VERSION = 6.0;
				TARGETED_DEVICE_FAMILY = 4;
			};
			name = Release;
		};
		36A9AF7526901C7CCB467C6B /* Debug */ = {
			isa = XCBuildConfiguration;
			buildSettings = {
				ALWAYS_SEARCH_USER_PATHS = NO;
				CLANG_ANALYZER_NONNULL = YES;
				CLANG_ANALYZER_NUMBER_OBJECT_CONVERSION = YES_AGGRESSIVE;
				CLANG_CXX_LANGUAGE_STANDARD = "gnu++14";
				CLANG_CXX_LIBRARY = "libc++";
				CLANG_ENABLE_MODULES = YES;
				CLANG_ENABLE_OBJC_ARC = YES;
				CLANG_ENABLE_OBJC_WEAK = YES;
				CLANG_WARN_BLOCK_CAPTURE_AUTORELEASING = YES;
				CLANG_WARN_BOOL_CONVERSION = YES;
				CLANG_WARN_COMMA = YES;
				CLANG_WARN_CONSTANT_CONVERSION = YES;
				CLANG_WARN_DEPRECATED_OBJC_IMPLEMENTATIONS = YES;
				CLANG_WARN_DIRECT_OBJC_ISA_USAGE = YES_ERROR;
				CLANG_WARN_DOCUMENTATION_COMMENTS = YES;
				CLANG_WARN_EMPTY_BODY = YES;
				CLANG_WARN_ENUM_CONVERSION = YES;
				CLANG_WARN_INFINITE_RECURSION = YES;
				CLANG_WARN_INT_CONVERSION = YES;
				CLANG_WARN_NON_LITERAL_NULL_CONVERSION = YES;
				CLANG_WARN_OBJC_IMPLICIT_RETAIN_SELF = YES;
				CLANG_WARN_OBJC_LITERAL_CONVERSION = YES;
				CLANG_WARN_OBJC_ROOT_CLASS = YES_ERROR;
				CLANG_WARN_QUOTED_INCLUDE_IN_FRAMEWORK_HEADER = YES;
				CLANG_WARN_RANGE_LOOP_ANALYSIS = YES;
				CLANG_WARN_STRICT_PROTOTYPES = YES;
				CLANG_WARN_SUSPICIOUS_MOVE = YES;
				CLANG_WARN_UNGUARDED_AVAILABILITY = YES_AGGRESSIVE;
				CLANG_WARN_UNREACHABLE_CODE = YES;
				CLANG_WARN__DUPLICATE_METHOD_MATCH = YES;
				COPY_PHASE_STRIP = NO;
				DEBUG_INFORMATION_FORMAT = dwarf;
				ENABLE_STRICT_OBJC_MSGSEND = YES;
				ENABLE_TESTABILITY = YES;
				GCC_C_LANGUAGE_STANDARD = gnu11;
				GCC_DYNAMIC_NO_PIC = NO;
				GCC_NO_COMMON_BLOCKS = YES;
				GCC_OPTIMIZATION_LEVEL = 0;
				GCC_PREPROCESSOR_DEFINITIONS = (
					"$(inherited)",
					"DEBUG=1",
				);
				GCC_WARN_64_TO_32_BIT_CONVERSION = YES;
				GCC_WARN_ABOUT_RETURN_TYPE = YES_ERROR;
				GCC_WARN_UNDECLARED_SELECTOR = YES;
				GCC_WARN_UNINITIALIZED_AUTOS = YES_AGGRESSIVE;
				GCC_WARN_UNUSED_FUNCTION = YES;
				GCC_WARN_UNUSED_VARIABLE = YES;
				IPHONEOS_DEPLOYMENT_TARGET = 17.0;
				MTL_ENABLE_DEBUG_INFO = INCLUDE_SOURCE;
				MTL_FAST_MATH = YES;
				ONLY_ACTIVE_ARCH = YES;
				PRODUCT_NAME = "$(TARGET_NAME)";
				SWIFT_ACTIVE_COMPILATION_CONDITIONS = DEBUG;
				SWIFT_OPTIMIZATION_LEVEL = "-Onone";
				SWIFT_VERSION = 5.0;
				WATCHOS_DEPLOYMENT_TARGET = 10.0;
			};
			name = Debug;
		};
		645E4A05E2A3293E3F2104A6 /* Release */ = {
			isa = XCBuildConfiguration;
			buildSettings = {
				ASSETCATALOG_COMPILER_APPICON_NAME = AppIcon;
				CODE_SIGN_IDENTITY = "iPhone Developer";
				CODE_SIGN_STYLE = Automatic;
				DEVELOPMENT_TEAM = SS4H5JZU3H;
				GENERATE_INFOPLIST_FILE = NO;
				INFOPLIST_FILE = PointVerseApp/Info.plist;
				LD_RUNPATH_SEARCH_PATHS = (
					"$(inherited)",
					"@executable_path/Frameworks",
				);
				PRODUCT_BUNDLE_IDENTIFIER = com.dianjie.pv;
				PRODUCT_NAME = "点界";
				SDKROOT = iphoneos;
				SWIFT_VERSION = 6.0;
				TARGETED_DEVICE_FAMILY = 1;
			};
			name = Release;
		};
		C59B447D4178CE5CC9C9A270 /* Debug */ = {
			isa = XCBuildConfiguration;
			buildSettings = {
				ASSETCATALOG_COMPILER_APPICON_NAME = AppIcon;
				CODE_SIGN_STYLE = Automatic;
				DEVELOPMENT_TEAM = SS4H5JZU3H;
				GENERATE_INFOPLIST_FILE = NO;
				INFOPLIST_FILE = PointVerseWatchApp/Info.plist;
				PRODUCT_BUNDLE_IDENTIFIER = com.dianjie.pv.watchkitapp;
				PRODUCT_NAME = "点界 Watch";
				SDKROOT = watchos;
				SKIP_INSTALL = NO;
				SWIFT_VERSION = 6.0;
				TARGETED_DEVICE_FAMILY = 4;
			};
			name = Debug;
		};
		CC73091FC1C33BABC11487B7 /* Release */ = {
			isa = XCBuildConfiguration;
			buildSettings = {
				ALWAYS_SEARCH_USER_PATHS = NO;
				CLANG_ANALYZER_NONNULL = YES;
				CLANG_ANALYZER_NUMBER_OBJECT_CONVERSION = YES_AGGRESSIVE;
				CLANG_CXX_LANGUAGE_STANDARD = "gnu++14";
				CLANG_CXX_LIBRARY = "libc++";
				CLANG_ENABLE_MODULES = YES;
				CLANG_ENABLE_OBJC_ARC = YES;
				CLANG_ENABLE_OBJC_WEAK = YES;
				CLANG_WARN_BLOCK_CAPTURE_AUTORELEASING = YES;
				CLANG_WARN_BOOL_CONVERSION = YES;
				CLANG_WARN_COMMA = YES;
				CLANG_WARN_CONSTANT_CONVERSION = YES;
				CLANG_WARN_DEPRECATED_OBJC_IMPLEMENTATIONS = YES;
				CLANG_WARN_DIRECT_OBJC_ISA_USAGE = YES_ERROR;
				CLANG_WARN_DOCUMENTATION_COMMENTS = YES;
				CLANG_WARN_EMPTY_BODY = YES;
				CLANG_WARN_ENUM_CONVERSION = YES;
				CLANG_WARN_INFINITE_RECURSION = YES;
				CLANG_WARN_INT_CONVERSION = YES;
				CLANG_WARN_NON_LITERAL_NULL_CONVERSION = YES;
				CLANG_WARN_OBJC_IMPLICIT_RETAIN_SELF = YES;
				CLANG_WARN_OBJC_LITERAL_CONVERSION = YES;
				CLANG_WARN_OBJC_ROOT_CLASS = YES_ERROR;
				CLANG_WARN_QUOTED_INCLUDE_IN_FRAMEWORK_HEADER = YES;
				CLANG_WARN_RANGE_LOOP_ANALYSIS = YES;
				CLANG_WARN_STRICT_PROTOTYPES = YES;
				CLANG_WARN_SUSPICIOUS_MOVE = YES;
				CLANG_WARN_UNGUARDED_AVAILABILITY = YES_AGGRESSIVE;
				CLANG_WARN_UNREACHABLE_CODE = YES;
				CLANG_WARN__DUPLICATE_METHOD_MATCH = YES;
				COPY_PHASE_STRIP = NO;
				DEBUG_INFORMATION_FORMAT = "dwarf-with-dsym";
				ENABLE_NS_ASSERTIONS = NO;
				ENABLE_STRICT_OBJC_MSGSEND = YES;
				GCC_C_LANGUAGE_STANDARD = gnu11;
				GCC_NO_COMMON_BLOCKS = YES;
				GCC_WARN_64_TO_32_BIT_CONVERSION = YES;
				GCC_WARN_ABOUT_RETURN_TYPE = YES_ERROR;
				GCC_WARN_UNDECLARED_SELECTOR = YES;
				GCC_WARN_UNINITIALIZED_AUTOS = YES_AGGRESSIVE;
				GCC_WARN_UNUSED_FUNCTION = YES;
				GCC_WARN_UNUSED_VARIABLE = YES;
				IPHONEOS_DEPLOYMENT_TARGET = 17.0;
				MTL_ENABLE_DEBUG_INFO = NO;
				MTL_FAST_MATH = YES;
				PRODUCT_NAME = "$(TARGET_NAME)";
				SWIFT_COMPILATION_MODE = wholemodule;
				SWIFT_OPTIMIZATION_LEVEL = "-O";
				SWIFT_VERSION = 5.0;
				WATCHOS_DEPLOYMENT_TARGET = 10.0;
			};
			name = Release;
		};
/* End XCBuildConfiguration section */

/* Begin XCConfigurationList section */
		9883EC62E6A1BF3C4E246766 /* Build configuration list for PBXProject "PointVerse" */ = {
			isa = XCConfigurationList;
			buildConfigurations = (
				36A9AF7526901C7CCB467C6B /* Debug */,
				CC73091FC1C33BABC11487B7 /* Release */,
			);
			defaultConfigurationIsVisible = 0;
			defaultConfigurationName = Debug;
		};
		AFD12AFDEBD37F2384F1A52F /* Build configuration list for PBXNativeTarget "PointVerseWatch" */ = {
			isa = XCConfigurationList;
			buildConfigurations = (
				C59B447D4178CE5CC9C9A270 /* Debug */,
				320CE3058678F1AA36320306 /* Release */,
			);
			defaultConfigurationIsVisible = 0;
			defaultConfigurationName = Debug;
		};
		CB6CC0CFF25E95E4EA52019A /* Build configuration list for PBXNativeTarget "PointVerse" */ = {
			isa = XCConfigurationList;
			buildConfigurations = (
				0EDEC17F61372726CC8A2D64 /* Debug */,
				645E4A05E2A3293E3F2104A6 /* Release */,
			);
			defaultConfigurationIsVisible = 0;
			defaultConfigurationName = Debug;
		};
/* End XCConfigurationList section */

/* Begin XCLocalSwiftPackageReference section */
		AFD9463716429DBB81244AF7 /* XCLocalSwiftPackageReference "PointVerseKit" */ = {
			isa = XCLocalSwiftPackageReference;
			relativePath = PointVerseKit;
		};
/* End XCLocalSwiftPackageReference section */

/* Begin XCRemoteSwiftPackageReference section */
		959A8485B5F031ACFD74A8A0 /* XCRemoteSwiftPackageReference "swift-transformers" */ = {
			isa = XCRemoteSwiftPackageReference;
			repositoryURL = "https://github.com/huggingface/swift-transformers";
			requirement = {
				kind = exactVersion;
				version = 1.3.0;
			};
		};
/* End XCRemoteSwiftPackageReference section */

/* Begin XCSwiftPackageProductDependency section */
		7A2F90E93A7921822C385A42 /* Tokenizers */ = {
			isa = XCSwiftPackageProductDependency;
			package = 959A8485B5F031ACFD74A8A0 /* XCRemoteSwiftPackageReference "swift-transformers" */;
			productName = Tokenizers;
		};
		EF1601925276AADCFA77677C /* PointVerseKit */ = {
			isa = XCSwiftPackageProductDependency;
			productName = PointVerseKit;
		};
/* End XCSwiftPackageProductDependency section */
	};
	rootObject = 8CC1D0EBFA164DD5440BFF8C /* Project object */;
}
