{
  "originHash" : "b9d9a05941b4e53f374614d06cdb49b59093cb247c772ddcef5930d5da5ab5cb",
  "pins" : [
    {
      "identity" : "grdb.swift",
      "kind" : "remoteSourceControl",
      "location" : "https://github.com/groue/GRDB.swift.git",
      "state" : {
        "revision" : "18497b68fdbb3a09528d260a0a0e1e7e61c8c53d",
        "version" : "7.8.0"
      }
    }
  ],
  "version" : 3
}
